// !$*UTF8*$!
{
	archiveVersion = 1;
	classes = {
	};
	objectVersion = 56;
	objects = {

/* Begin PBXBuildFile section */
		093D1D6F2A31D96A00AF4ACC /* newProjektApp.swift in Sources */ = {isa = PBXBuildFile; fileRef = 093D1D6E2A31D96A00AF4ACC /* newProjektApp.swift */; };
		093D1D712A31D96A00AF4ACC /* ContentView.swift in Sources */ = {isa = PBXBuildFile; fileRef = 093D1D702A31D96A00AF4ACC /* ContentView.swift */; };
		093D1D732A31D96B00AF4ACC /* Assets.xcassets in Resources */ = {isa = PBXBuildFile; fileRef = 093D1D722A31D96B00AF4ACC /* Assets.xcassets */; };
		093D1D762A31D96B00AF4ACC /* Preview Assets.xcassets in Resources */ = {isa = PBXBuildFile; fileRef = 093D1D752A31D96B00AF4ACC /* Preview Assets.xcassets */; };
		093D1D802A31D96B00AF4ACC /* newProjektTests.swift in Sources */ = {isa = PBXBuildFile; fileRef = 093D1D7F2A31D96B00AF4ACC /* newProjektTests.swift */; };
		093D1D8A2A31D96B00AF4ACC /* newProjektUITests.swift in Sources */ = {isa = PBXBuildFile; fileRef = 093D1D892A31D96B00AF4ACC /* newProjektUITests.swift */; };
		093D1D8C2A31D96B00AF4ACC /* newProjektUITestsLaunchTests.swift in Sources */ = {isa = PBXBuildFile; fileRef = 093D1D8B2A31D96B00AF4ACC /* newProjektUITestsLaunchTests.swift */; };
		093D1D992A31DA0100AF4ACC /* HomeView.swift in Sources */ = {isa = PBXBuildFile; fileRef = 093D1D982A31DA0100AF4ACC /* HomeView.swift */; };
		093D1D9B2A31DA1800AF4ACC /* RezeptDetailView.swift in Sources */ = {isa = PBXBuildFile; fileRef = 093D1D9A2A31DA1800AF4ACC /* RezeptDetailView.swift */; };
		093D1D9D2A31DA2C00AF4ACC /* AddRezeptView.swift in Sources */ = {isa = PBXBuildFile; fileRef = 093D1D9C2A31DA2C00AF4ACC /* AddRezeptView.swift */; };
		093D1D9F2A31DA4A00AF4ACC /* RezeptViewModel.swift in Sources */ = {isa = PBXBuildFile; fileRef = 093D1D9E2A31DA4A00AF4ACC /* RezeptViewModel.swift */; };
		093D1DA52A31DB4200AF4ACC /* Rezepte.xcdatamodeld in Sources */ = {isa = PBXBuildFile; fileRef = 093D1DA32A31DB4200AF4ACC /* Rezepte.xcdatamodeld */; };
/* End PBXBuildFile section */

/* Begin PBXContainerItemProxy section */
		093D1D7C2A31D96B00AF4ACC /* PBXContainerItemProxy */ = {
			isa = PBXContainerItemProxy;
			containerPortal = 093D1D632A31D96A00AF4ACC /* Project object */;
			proxyType = 1;
			remoteGlobalIDString = 093D1D6A2A31D96A00AF4ACC;
			remoteInfo = newProjekt;
		};
		093D1D862A31D96B00AF4ACC /* PBXContainerItemProxy */ = {
			isa = PBXContainerItemProxy;
			containerPortal = 093D1D632A31D96A00AF4ACC /* Project object */;
			proxyType = 1;
			remoteGlobalIDString = 093D1D6A2A31D96A00AF4ACC;
			remoteInfo = newProjekt;
		};
/* End PBXContainerItemProxy section */

/* Begin PBXFileReference section */
		093D1D6B2A31D96A00AF4ACC /* newProjekt.app */ = {isa = PBXFileReference; explicitFileType = wrapper.application; includeInIndex = 0; path = newProjekt.app; sourceTree = BUILT_PRODUCTS_DIR; };
		093D1D6E2A31D96A00AF4ACC /* newProjektApp.swift */ = {isa = PBXFileReference; lastKnownFileType = sourcecode.swift; path = newProjektApp.swift; sourceTree = "<group>"; };
		093D1D702A31D96A00AF4ACC /* ContentView.swift */ = {isa = PBXFileReference; lastKnownFileType = sourcecode.swift; path = ContentView.swift; sourceTree = "<group>"; };
		093D1D722A31D96B00AF4ACC /* Assets.xcassets */ = {isa = PBXFileReference; lastKnownFileType = folder.assetcatalog; path = Assets.xcassets; sourceTree = "<group>"; };
		093D1D752A31D96B00AF4ACC /* Preview Assets.xcassets */ = {isa = PBXFileReference; lastKnownFileType = folder.assetcatalog; path = "Preview Assets.xcassets"; sourceTree = "<group>"; };
		093D1D7B2A31D96B00AF4ACC /* newProjektTests.xctest */ = {isa = PBXFileReference; explicitFileType = wrapper.cfbundle; includeInIndex = 0; path = newProjektTests.xctest; sourceTree = BUILT_PRODUCTS_DIR; };
		093D1D7F2A31D96B00AF4ACC /* newProjektTests.swift */ = {isa = PBXFileReference; lastKnownFileType = sourcecode.swift; path = newProjektTests.swift; sourceTree = "<group>"; };
		093D1D852A31D96B00AF4ACC /* newProjektUITests.xctest */ = {isa = PBXFileReference; explicitFileType = wrapper.cfbundle; includeInIndex = 0; path = newProjektUITests.xctest; sourceTree = BUILT_PRODUCTS_DIR; };
		093D1D892A31D96B00AF4ACC /* newProjektUITests.swift */ = {isa = PBXFileReference; lastKnownFileType = sourcecode.swift; path = newProjektUITests.swift; sourceTree = "<group>"; };
		093D1D8B2A31D96B00AF4ACC /* newProjektUITestsLaunchTests.swift */ = {isa = PBXFileReference; lastKnownFileType = sourcecode.swift; path = newProjektUITestsLaunchTests.swift; sourceTree = "<group>"; };
		093D1D982A31DA0100AF4ACC /* HomeView.swift */ = {isa = PBXFileReference; lastKnownFileType = sourcecode.swift; path = HomeView.swift; sourceTree = "<group>"; };
		093D1D9A2A31DA1800AF4ACC /* RezeptDetailView.swift */ = {isa = PBXFileReference; lastKnownFileType = sourcecode.swift; path = RezeptDetailView.swift; sourceTree = "<group>"; };
		093D1D9C2A31DA2C00AF4ACC /* AddRezeptView.swift */ = {isa = PBXFileReference; lastKnownFileType = sourcecode.swift; path = AddRezeptView.swift; sourceTree = "<group>"; };
		093D1D9E2A31DA4A00AF4ACC /* RezeptViewModel.swift */ = {isa = PBXFileReference; lastKnownFileType = sourcecode.swift; path = RezeptViewModel.swift; sourceTree = "<group>"; };
		093D1DA42A31DB4200AF4ACC /* Rezepte.xcdatamodel */ = {isa = PBXFileReference; lastKnownFileType = wrapper.xcdatamodel; path = Rezepte.xcdatamodel; sourceTree = "<group>"; };
/* End PBXFileReference section */

/* Begin PBXFrameworksBuildPhase section */
		093D1D682A31D96A00AF4ACC /* Frameworks */ = {
			isa = PBXFrameworksBuildPhase;
			buildActionMask = 2147483647;
			files = (
			);
			runOnlyForDeploymentPostprocessing = 0;
		};
		093D1D782A31D96B00AF4ACC /* Frameworks */ = {
			isa = PBXFrameworksBuildPhase;
			buildActionMask = 2147483647;
			files = (
			);
			runOnlyForDeploymentPostprocessing = 0;
		};
		093D1D822A31D96B00AF4ACC /* Frameworks */ = {
			isa = PBXFrameworksBuildPhase;
			buildActionMask = 2147483647;
			files = (
			);
			runOnlyForDeploymentPostprocessing = 0;
		};
/* End PBXFrameworksBuildPhase section */

/* Begin PBXGroup section */
		093D1D622A31D96A00AF4ACC = {
			isa = PBXGroup;
			children = (
				093D1D6D2A31D96A00AF4ACC /* newProjekt */,
				093D1D7E2A31D96B00AF4ACC /* newProjektTests */,
				093D1D882A31D96B00AF4ACC /* newProjektUITests */,
				093D1D6C2A31D96A00AF4ACC /* Products */,
			);
			sourceTree = "<group>";
		};
		093D1D6C2A31D96A00AF4ACC /* Products */ = {
			isa = PBXGroup;
			children = (
				093D1D6B2A31D96A00AF4ACC /* newProjekt.app */,
				093D1D7B2A31D96B00AF4ACC /* newProjektTests.xctest */,
				093D1D852A31D96B00AF4ACC /* newProjektUITests.xctest */,
			);
			name = Products;
			sourceTree = "<group>";
		};
		093D1D6D2A31D96A00AF4ACC /* newProjekt */ = {
			isa = PBXGroup;
			children = (
				093D1DA22A31DA7300AF4ACC /* Model */,
				093D1DA12A31DA6B00AF4ACC /* ViewModel */,
				093D1DA02A31DA6400AF4ACC /* View */,
				093D1D6E2A31D96A00AF4ACC /* newProjektApp.swift */,
				093D1D702A31D96A00AF4ACC /* ContentView.swift */,
				093D1D722A31D96B00AF4ACC /* Assets.xcassets */,
				093D1D742A31D96B00AF4ACC /* Preview Content */,
			);
			path = newProjekt;
			sourceTree = "<group>";
		};
		093D1D742A31D96B00AF4ACC /* Preview Content */ = {
			isa = PBXGroup;
			children = (
				093D1D752A31D96B00AF4ACC /* Preview Assets.xcassets */,
			);
			path = "Preview Content";
			sourceTree = "<group>";
		};
		093D1D7E2A31D96B00AF4ACC /* newProjektTests */ = {
			isa = PBXGroup;
			children = (
				093D1D7F2A31D96B00AF4ACC /* newProjektTests.swift */,
			);
			path = newProjektTests;
			sourceTree = "<group>";
		};
		093D1D882A31D96B00AF4ACC /* newProjektUITests */ = {
			isa = PBXGroup;
			children = (
				093D1D892A31D96B00AF4ACC /* newProjektUITests.swift */,
				093D1D8B2A31D96B00AF4ACC /* newProjektUITestsLaunchTests.swift */,
			);
			path = newProjektUITests;
			sourceTree = "<group>";
		};
		093D1DA02A31DA6400AF4ACC /* View */ = {
			isa = PBXGroup;
			children = (
				093D1D982A31DA0100AF4ACC /* HomeView.swift */,
				093D1D9C2A31DA2C00AF4ACC /* AddRezeptView.swift */,
				093D1D9A2A31DA1800AF4ACC /* RezeptDetailView.swift */,
			);
			path = View;
			sourceTree = "<group>";
		};
		093D1DA12A31DA6B00AF4ACC /* ViewModel */ = {
			isa = PBXGroup;
			children = (
				093D1D9E2A31DA4A00AF4ACC /* RezeptViewModel.swift */,
			);
			path = ViewModel;
			sourceTree = "<group>";
		};
		093D1DA22A31DA7300AF4ACC /* Model */ = {
			isa = PBXGroup;
			children = (
				093D1DA32A31DB4200AF4ACC /* Rezepte.xcdatamodeld */,
			);
			path = Model;
			sourceTree = "<group>";
		};
/* End PBXGroup section */

/* Begin PBXNativeTarget section */
		093D1D6A2A31D96A00AF4ACC /* newProjekt */ = {
			isa = PBXNativeTarget;
			buildConfigurationList = 093D1D8F2A31D96B00AF4ACC /* Build configuration list for PBXNativeTarget "newProjekt" */;
			buildPhases = (
				093D1D672A31D96A00AF4ACC /* Sources */,
				093D1D682A31D96A00AF4ACC /* Frameworks */,
				093D1D692A31D96A00AF4ACC /* Resources */,
			);
			buildRules = (
			);
			dependencies = (
			);
			name = newProjekt;
			productName = newProjekt;
			productReference = 093D1D6B2A31D96A00AF4ACC /* newProjekt.app */;
			productType = "com.apple.product-type.application";
		};
		093D1D7A2A31D96B00AF4ACC /* newProjektTests */ = {
			isa = PBXNativeTarget;
			buildConfigurationList = 093D1D922A31D96B00AF4ACC /* Build configuration list for PBXNativeTarget "newProjektTests" */;
			buildPhases = (
				093D1D772A31D96B00AF4ACC /* Sources */,
				093D1D782A31D96B00AF4ACC /* Frameworks */,
				093D1D792A31D96B00AF4ACC /* Resources */,
			);
			buildRules = (
			);
			dependencies = (
				093D1D7D2A31D96B00AF4ACC /* PBXTargetDependency */,
			);
			name = newProjektTests;
			productName = newProjektTests;
			productReference = 093D1D7B2A31D96B00AF4ACC /* newProjektTests.xctest */;
			productType = "com.apple.product-type.bundle.unit-test";
		};
		093D1D842A31D96B00AF4ACC /* newProjektUITests */ = {
			isa = PBXNativeTarget;
			buildConfigurationList = 093D1D952A31D96B00AF4ACC /* Build configuration list for PBXNativeTarget "newProjektUITests" */;
			buildPhases = (
				093D1D812A31D96B00AF4ACC /* Sources */,
				093D1D822A31D96B00AF4ACC /* Frameworks */,
				093D1D832A31D96B00AF4ACC /* Resources */,
			);
			buildRules = (
			);
			dependencies = (
				093D1D872A31D96B00AF4ACC /* PBXTargetDependency */,
			);
			name = newProjektUITests;
			productName = newProjektUITests;
			productReference = 093D1D852A31D96B00AF4ACC /* newProjektUITests.xctest */;
			productType = "com.apple.product-type.bundle.ui-testing";
		};
/* End PBXNativeTarget section */

/* Begin PBXProject section */
		093D1D632A31D96A00AF4ACC /* Project object */ = {
			isa = PBXProject;
			attributes = {
				BuildIndependentTargetsInParallel = 1;
				LastSwiftUpdateCheck = 1430;
				LastUpgradeCheck = 1430;
				TargetAttributes = {
					093D1D6A2A31D96A00AF4ACC = {
						CreatedOnToolsVersion = 14.3.1;
					};
					093D1D7A2A31D96B00AF4ACC = {
						CreatedOnToolsVersion = 14.3.1;
						TestTargetID = 093D1D6A2A31D96A00AF4ACC;
					};
					093D1D842A31D96B00AF4ACC = {
						CreatedOnToolsVersion = 14.3.1;
						TestTargetID = 093D1D6A2A31D96A00AF4ACC;
					};
				};
			};
			buildConfigurationList = 093D1D662A31D96A00AF4ACC /* Build configuration list for PBXProject "newProjekt" */;
			compatibilityVersion = "Xcode 14.0";
			developmentRegion = en;
			hasScannedForEncodings = 0;
			knownRegions = (
				en,
				Base,
			);
			mainGroup = 093D1D622A31D96A00AF4ACC;
			productRefGroup = 093D1D6C2A31D96A00AF4ACC /* Products */;
			projectDirPath = "";
			projectRoot = "";
			targets = (
				093D1D6A2A31D96A00AF4ACC /* newProjekt */,
				093D1D7A2A31D96B00AF4ACC /* newProjektTests */,
				093D1D842A31D96B00AF4ACC /* newProjektUITests */,
			);
		};
/* End PBXProject section */

/* Begin PBXResourcesBuildPhase section */
		093D1D692A31D96A00AF4ACC /* Resources */ = {
			isa = PBXResourcesBuildPhase;
			buildActionMask = 2147483647;
			files = (
				093D1D762A31D96B00AF4ACC /* Preview Assets.xcassets in Resources */,
				093D1D732A31D96B00AF4ACC /* Assets.xcassets in Resources */,
			);
			runOnlyForDeploymentPostprocessing = 0;
		};
		093D1D792A31D96B00AF4ACC /* Resources */ = {
			isa = PBXResourcesBuildPhase;
			buildActionMask = 2147483647;
			files = (
			);
			runOnlyForDeploymentPostprocessing = 0;
		};
		093D1D832A31D96B00AF4ACC /* Resources */ = {
			isa = PBXResourcesBuildPhase;
			buildActionMask = 2147483647;
			files = (
			);
			runOnlyForDeploymentPostprocessing = 0;
		};
/* End PBXResourcesBuildPhase section */

/* Begin PBXSourcesBuildPhase section */
		093D1D672A31D96A00AF4ACC /* Sources */ = {
			isa = PBXSourcesBuildPhase;
			buildActionMask = 2147483647;
			files = (
				093D1D992A31DA0100AF4ACC /* HomeView.swift in Sources */,
				093D1D9B2A31DA1800AF4ACC /* RezeptDetailView.swift in Sources */,
				093D1DA52A31DB4200AF4ACC /* Rezepte.xcdatamodeld in Sources */,
				093D1D9F2A31DA4A00AF4ACC /* RezeptViewModel.swift in Sources */,
				093D1D712A31D96A00AF4ACC /* ContentView.swift in Sources */,
				093D1D9D2A31DA2C00AF4ACC /* AddRezeptView.swift in Sources */,
				093D1D6F2A31D96A00AF4ACC /* newProjektApp.swift in Sources */,
			);
			runOnlyForDeploymentPostprocessing = 0;
		};
		093D1D772A31D96B00AF4ACC /* Sources */ = {
			isa = PBXSourcesBuildPhase;
			buildActionMask = 2147483647;
			files = (
				093D1D802A31D96B00AF4ACC /* newProjektTests.swift in Sources */,
			);
			runOnlyForDeploymentPostprocessing = 0;
		};
		093D1D812A31D96B00AF4ACC /* Sources */ = {
			isa = PBXSourcesBuildPhase;
			buildActionMask = 2147483647;
			files = (
				093D1D8A2A31D96B00AF4ACC /* newProjektUITests.swift in Sources */,
				093D1D8C2A31D96B00AF4ACC /* newProjektUITestsLaunchTests.swift in Sources */,
			);
			runOnlyForDeploymentPostprocessing = 0;
		};
/* End PBXSourcesBuildPhase section */

/* Begin PBXTargetDependency section */
		093D1D7D2A31D96B00AF4ACC /* PBXTargetDependency */ = {
			isa = PBXTargetDependency;
			target = 093D1D6A2A31D96A00AF4ACC /* newProjekt */;
			targetProxy = 093D1D7C2A31D96B00AF4ACC /* PBXContainerItemProxy */;
		};
		093D1D872A31D96B00AF4ACC /* PBXTargetDependency */ = {
			isa = PBXTargetDependency;
			target = 093D1D6A2A31D96A00AF4ACC /* newProjekt */;
			targetProxy = 093D1D862A31D96B00AF4ACC /* PBXContainerItemProxy */;
		};
/* End PBXTargetDependency section */

/* Begin XCBuildConfiguration section */
		093D1D8D2A31D96B00AF4ACC /* Debug */ = {
			isa = XCBuildConfiguration;
			buildSettings = {
				ALWAYS_SEARCH_USER_PATHS = NO;
				CLANG_ANALYZER_NONNULL = YES;
				CLANG_ANALYZER_NUMBER_OBJECT_CONVERSION = YES_AGGRESSIVE;
				CLANG_CXX_LANGUAGE_STANDARD = "gnu++20";
				CLANG_ENABLE_MODULES = YES;
				CLANG_ENABLE_OBJC_ARC = YES;
				CLANG_ENABLE_OBJC_WEAK = YES;
				CLANG_WARN_BLOCK_CAPTURE_AUTORELEASING = YES;
				CLANG_WARN_BOOL_CONVERSION = YES;
				CLANG_WARN_COMMA = YES;
				CLANG_WARN_CONSTANT_CONVERSION = YES;
				CLANG_WARN_DEPRECATED_OBJC_IMPLEMENTATIONS = YES;
				CLANG_WARN_DIRECT_OBJC_ISA_USAGE = YES_ERROR;
				CLANG_WARN_DOCUMENTATION_COMMENTS = YES;
				CLANG_WARN_EMPTY_BODY = YES;
				CLANG_WARN_ENUM_CONVERSION = YES;
				CLANG_WARN_INFINITE_RECURSION = YES;
				CLANG_WARN_INT_CONVERSION = YES;
				CLANG_WARN_NON_LITERAL_NULL_CONVERSION = YES;
				CLANG_WARN_OBJC_IMPLICIT_RETAIN_SELF = YES;
				CLANG_WARN_OBJC_LITERAL_CONVERSION = YES;
				CLANG_WARN_OBJC_ROOT_CLASS = YES_ERROR;
				CLANG_WARN_QUOTED_INCLUDE_IN_FRAMEWORK_HEADER = YES;
				CLANG_WARN_RANGE_LOOP_ANALYSIS = YES;
				CLANG_WARN_STRICT_PROTOTYPES = YES;
				CLANG_WARN_SUSPICIOUS_MOVE = YES;
				CLANG_WARN_UNGUARDED_AVAILABILITY = YES_AGGRESSIVE;
				CLANG_WARN_UNREACHABLE_CODE = YES;
				CLANG_WARN__DUPLICATE_METHOD_MATCH = YES;
				COPY_PHASE_STRIP = NO;
				DEBUG_INFORMATION_FORMAT = dwarf;
				ENABLE_STRICT_OBJC_MSGSEND = YES;
				ENABLE_TESTABILITY = YES;
				GCC_C_LANGUAGE_STANDARD = gnu11;
				GCC_DYNAMIC_NO_PIC = NO;
				GCC_NO_COMMON_BLOCKS = YES;
				GCC_OPTIMIZATION_LEVEL = 0;
				GCC_PREPROCESSOR_DEFINITIONS = (
					"DEBUG=1",
					"$(inherited)",
				);
				GCC_WARN_64_TO_32_BIT_CONVERSION = YES;
				GCC_WARN_ABOUT_RETURN_TYPE = YES_ERROR;
				GCC_WARN_UNDECLARED_SELECTOR = YES;
				GCC_WARN_UNINITIALIZED_AUTOS = YES_AGGRESSIVE;
				GCC_WARN_UNUSED_FUNCTION = YES;
				GCC_WARN_UNUSED_VARIABLE = YES;
				IPHONEOS_DEPLOYMENT_TARGET = 16.4;
				MTL_ENABLE_DEBUG_INFO = INCLUDE_SOURCE;
				MTL_FAST_MATH = YES;
				ONLY_ACTIVE_ARCH = YES;
				SDKROOT = iphoneos;
				SWIFT_ACTIVE_COMPILATION_CONDITIONS = DEBUG;
				SWIFT_OPTIMIZATION_LEVEL = "-Onone";
			};
			name = Debug;
		};
		093D1D8E2A31D96B00AF4ACC /* Release */ = {
			isa = XCBuildConfiguration;
			buildSettings = {
				ALWAYS_SEARCH_USER_PATHS = NO;
				CLANG_ANALYZER_NONNULL = YES;
				CLANG_ANALYZER_NUMBER_OBJECT_CONVERSION = YES_AGGRESSIVE;
				CLANG_CXX_LANGUAGE_STANDARD = "gnu++20";
				CLANG_ENABLE_MODULES = YES;
				CLANG_ENABLE_OBJC_ARC = YES;
				CLANG_ENABLE_OBJC_WEAK = YES;
				CLANG_WARN_BLOCK_CAPTURE_AUTORELEASING = YES;
				CLANG_WARN_BOOL_CONVERSION = YES;
				CLANG_WARN_COMMA = YES;
				CLANG_WARN_CONSTANT_CONVERSION = YES;
				CLANG_WARN_DEPRECATED_OBJC_IMPLEMENTATIONS = YES;
				CLANG_WARN_DIRECT_OBJC_ISA_USAGE = YES_ERROR;
				CLANG_WARN_DOCUMENTATION_COMMENTS = YES;
				CLANG_WARN_EMPTY_BODY = YES;
				CLANG_WARN_ENUM_CONVERSION = YES;
				CLANG_WARN_INFINITE_RECURSION = YES;
				CLANG_WARN_INT_CONVERSION = YES;
				CLANG_WARN_NON_LITERAL_NULL_CONVERSION = YES;
				CLANG_WARN_OBJC_IMPLICIT_RETAIN_SELF = YES;
				CLANG_WARN_OBJC_LITERAL_CONVERSION = YES;
				CLANG_WARN_OBJC_ROOT_CLASS = YES_ERROR;
				CLANG_WARN_QUOTED_INCLUDE_IN_FRAMEWORK_HEADER = YES;
				CLANG_WARN_RANGE_LOOP_ANALYSIS = YES;
				CLANG_WARN_STRICT_PROTOTYPES = YES;
				CLANG_WARN_SUSPICIOUS_MOVE = YES;
				CLANG_WARN_UNGUARDED_AVAILABILITY = YES_AGGRESSIVE;
				CLANG_WARN_UNREACHABLE_CODE = YES;
				CLANG_WARN__DUPLICATE_METHOD_MATCH = YES;
				COPY_PHASE_STRIP = NO;
				DEBUG_INFORMATION_FORMAT = "dwarf-with-dsym";
				ENABLE_NS_ASSERTIONS = NO;
				ENABLE_STRICT_OBJC_MSGSEND = YES;
				GCC_C_LANGUAGE_STANDARD = gnu11;
				GCC_NO_COMMON_BLOCKS = YES;
				GCC_WARN_64_TO_32_BIT_CONVERSION = YES;
				GCC_WARN_ABOUT_RETURN_TYPE = YES_ERROR;
				GCC_WARN_UNDECLARED_SELECTOR = YES;
				GCC_WARN_UNINITIALIZED_AUTOS = YES_AGGRESSIVE;
				GCC_WARN_UNUSED_FUNCTION = YES;
				GCC_WARN_UNUSED_VARIABLE = YES;
				IPHONEOS_DEPLOYMENT_TARGET = 16.4;
				MTL_ENABLE_DEBUG_INFO = NO;
				MTL_FAST_MATH = YES;
				SDKROOT = iphoneos;
				SWIFT_COMPILATION_MODE = wholemodule;
				SWIFT_OPTIMIZATION_LEVEL = "-O";
				VALIDATE_PRODUCT = YES;
			};
			name = Release;
		};
		093D1D902A31D96B00AF4ACC /* Debug */ = {
			isa = XCBuildConfiguration;
			buildSettings = {
				ASSETCATALOG_COMPILER_APPICON_NAME = AppIcon;
				ASSETCATALOG_COMPILER_GLOBAL_ACCENT_COLOR_NAME = AccentColor;
				CODE_SIGN_STYLE = Automatic;
				CURRENT_PROJECT_VERSION = 1;
				DEVELOPMENT_ASSET_PATHS = "\"newProjekt/Preview Content\"";
				ENABLE_PREVIEWS = YES;
				GENERATE_INFOPLIST_FILE = YES;
				INFOPLIST_KEY_UIApplicationSceneManifest_Generation = YES;
				INFOPLIST_KEY_UIApplicationSupportsIndirectInputEvents = YES;
				INFOPLIST_KEY_UILaunchScreen_Generation = YES;
				INFOPLIST_KEY_UISupportedInterfaceOrientations_iPad = "UIInterfaceOrientationPortrait UIInterfaceOrientationPortraitUpsideDown UIInterfaceOrientationLandscapeLeft UIInterfaceOrientationLandscapeRight";
				INFOPLIST_KEY_UISupportedInterfaceOrientations_iPhone = "UIInterfaceOrientationPortrait UIInterfaceOrientationLandscapeLeft UIInterfaceOrientationLandscapeRight";
				LD_RUNPATH_SEARCH_PATHS = (
					"$(inherited)",
					"@executable_path/Frameworks",
				);
				MARKETING_VERSION = 1.0;
				PRODUCT_BUNDLE_IDENTIFIER = "nicolero-hm.newProjekt";
				PRODUCT_NAME = "$(TARGET_NAME)";
				SWIFT_EMIT_LOC_STRINGS = YES;
				SWIFT_VERSION = 5.0;
				TARGETED_DEVICE_FAMILY = "1,2";
			};
			name = Debug;
		};
		093D1D912A31D96B00AF4ACC /* Release */ = {
			isa = XCBuildConfiguration;
			buildSettings = {
				ASSETCATALOG_COMPILER_APPICON_NAME = AppIcon;
				ASSETCATALOG_COMPILER_GLOBAL_ACCENT_COLOR_NAME = AccentColor;
				CODE_SIGN_STYLE = Automatic;
				CURRENT_PROJECT_VERSION = 1;
				DEVELOPMENT_ASSET_PATHS = "\"newProjekt/Preview Content\"";
				ENABLE_PREVIEWS = YES;
				GENERATE_INFOPLIST_FILE = YES;
				INFOPLIST_KEY_UIApplicationSceneManifest_Generation = YES;
				INFOPLIST_KEY_UIApplicationSupportsIndirectInputEvents = YES;
				INFOPLIST_KEY_UILaunchScreen_Generation = YES;
				INFOPLIST_KEY_UISupportedInterfaceOrientations_iPad = "UIInterfaceOrientationPortrait UIInterfaceOrientationPortraitUpsideDown UIInterfaceOrientationLandscapeLeft UIInterfaceOrientationLandscapeRight";
				INFOPLIST_KEY_UISupportedInterfaceOrientations_iPhone = "UIInterfaceOrientationPortrait UIInterfaceOrientationLandscapeLeft UIInterfaceOrientationLandscapeRight";
				LD_RUNPATH_SEARCH_PATHS = (
					"$(inherited)",
					"@executable_path/Frameworks",
				);
				MARKETING_VERSION = 1.0;
				PRODUCT_BUNDLE_IDENTIFIER = "nicolero-hm.newProjekt";
				PRODUCT_NAME = "$(TARGET_NAME)";
				SWIFT_EMIT_LOC_STRINGS = YES;
				SWIFT_VERSION = 5.0;
				TARGETED_DEVICE_FAMILY = "1,2";
			};
			name = Release;
		};
		093D1D932A31D96B00AF4ACC /* Debug */ = {
			isa = XCBuildConfiguration;
			buildSettings = {
				ALWAYS_EMBED_SWIFT_STANDARD_LIBRARIES = YES;
				BUNDLE_LOADER = "$(TEST_HOST)";
				CODE_SIGN_STYLE = Automatic;
				CURRENT_PROJECT_VERSION = 1;
				GENERATE_INFOPLIST_FILE = YES;
				IPHONEOS_DEPLOYMENT_TARGET = 16.4;
				MARKETING_VERSION = 1.0;
				PRODUCT_BUNDLE_IDENTIFIER = "nicolero-hm.newProjektTests";
				PRODUCT_NAME = "$(TARGET_NAME)";
				SWIFT_EMIT_LOC_STRINGS = NO;
				SWIFT_VERSION = 5.0;
				TARGETED_DEVICE_FAMILY = "1,2";
				TEST_HOST = "$(BUILT_PRODUCTS_DIR)/newProjekt.app/$(BUNDLE_EXECUTABLE_FOLDER_PATH)/newProjekt";
			};
			name = Debug;
		};
		093D1D942A31D96B00AF4ACC /* Release */ = {
			isa = XCBuildConfiguration;
			buildSettings = {
				ALWAYS_EMBED_SWIFT_STANDARD_LIBRARIES = YES;
				BUNDLE_LOADER = "$(TEST_HOST)";
				CODE_SIGN_STYLE = Automatic;
				CURRENT_PROJECT_VERSION = 1;
				GENERATE_INFOPLIST_FILE = YES;
				IPHONEOS_DEPLOYMENT_TARGET = 16.4;
				MARKETING_VERSION = 1.0;
				PRODUCT_BUNDLE_IDENTIFIER = "nicolero-hm.newProjektTests";
				PRODUCT_NAME = "$(TARGET_NAME)";
				SWIFT_EMIT_LOC_STRINGS = NO;
				SWIFT_VERSION = 5.0;
				TARGETED_DEVICE_FAMILY = "1,2";
				TEST_HOST = "$(BUILT_PRODUCTS_DIR)/newProjekt.app/$(BUNDLE_EXECUTABLE_FOLDER_PATH)/newProjekt";
			};
			name = Release;
		};
		093D1D962A31D96B00AF4ACC /* Debug */ = {
			isa = XCBuildConfiguration;
			buildSettings = {
				ALWAYS_EMBED_SWIFT_STANDARD_LIBRARIES = YES;
				CODE_SIGN_STYLE = Automatic;
				CURRENT_PROJECT_VERSION = 1;
				GENERATE_INFOPLIST_FILE = YES;
				MARKETING_VERSION = 1.0;
				PRODUCT_BUNDLE_IDENTIFIER = "nicolero-hm.newProjektUITests";
				PRODUCT_NAME = "$(TARGET_NAME)";
				SWIFT_EMIT_LOC_STRINGS = NO;
				SWIFT_VERSION = 5.0;
				TARGETED_DEVICE_FAMILY = "1,2";
				TEST_TARGET_NAME = newProjekt;
			};
			name = Debug;
		};
		093D1D972A31D96B00AF4ACC /* Release */ = {
			isa = XCBuildConfiguration;
			buildSettings = {
				ALWAYS_EMBED_SWIFT_STANDARD_LIBRARIES = YES;
				CODE_SIGN_STYLE = Automatic;
				CURRENT_PROJECT_VERSION = 1;
				GENERATE_INFOPLIST_FILE = YES;
				MARKETING_VERSION = 1.0;
				PRODUCT_BUNDLE_IDENTIFIER = "nicolero-hm.newProjektUITests";
				PRODUCT_NAME = "$(TARGET_NAME)";
				SWIFT_EMIT_LOC_STRINGS = NO;
				SWIFT_VERSION = 5.0;
				TARGETED_DEVICE_FAMILY = "1,2";
				TEST_TARGET_NAME = newProjekt;
			};
			name = Release;
		};
/* End XCBuildConfiguration section */

/* Begin XCConfigurationList section */
		093D1D662A31D96A00AF4ACC /* Build configuration list for PBXProject "newProjekt" */ = {
			isa = XCConfigurationList;
			buildConfigurations = (
				093D1D8D2A31D96B00AF4ACC /* Debug */,
				093D1D8E2A31D96B00AF4ACC /* Release */,
			);
			defaultConfigurationIsVisible = 0;
			defaultConfigurationName = Release;
		};
		093D1D8F2A31D96B00AF4ACC /* Build configuration list for PBXNativeTarget "newProjekt" */ = {
			isa = XCConfigurationList;
			buildConfigurations = (
				093D1D902A31D96B00AF4ACC /* Debug */,
				093D1D912A31D96B00AF4ACC /* Release */,
			);
			defaultConfigurationIsVisible = 0;
			defaultConfigurationName = Release;
		};
		093D1D922A31D96B00AF4ACC /* Build configuration list for PBXNativeTarget "newProjektTests" */ = {
			isa = XCConfigurationList;
			buildConfigurations = (
				093D1D932A31D96B00AF4ACC /* Debug */,
				093D1D942A31D96B00AF4ACC /* Release */,
			);
			defaultConfigurationIsVisible = 0;
			defaultConfigurationName = Release;
		};
		093D1D952A31D96B00AF4ACC /* Build configuration list for PBXNativeTarget "newProjektUITests" */ = {
			isa = XCConfigurationList;
			buildConfigurations = (
				093D1D962A31D96B00AF4ACC /* Debug */,
				093D1D972A31D96B00AF4ACC /* Release */,
			);
			defaultConfigurationIsVisible = 0;
			defaultConfigurationName = Release;
		};
/* End XCConfigurationList section */

/* Begin XCVersionGroup section */
		093D1DA32A31DB4200AF4ACC /* Rezepte.xcdatamodeld */ = {
			isa = XCVersionGroup;
			children = (
				093D1DA42A31DB4200AF4ACC /* Rezepte.xcdatamodel */,
			);
			currentVersion = 093D1DA42A31DB4200AF4ACC /* Rezepte.xcdatamodel */;
			path = Rezepte.xcdatamodeld;
			sourceTree = "<group>";
			versionGroupType = wrapper.xcdatamodel;
		};
/* End XCVersionGroup section */
	};
	rootObject = 093D1D632A31D96A00AF4ACC /* Project object */;
}
